{
  "name": "@zero-two-labs/hedera-x402-guard",
  "version": "0.2.0",
  "lockfileVersion": 3,
  "requires": true,
  "packages": {
    "": {
      "name": "@zero-two-labs/hedera-x402-guard",
      "version": "0.2.0",
      "license": "MIT",
      "dependencies": {
        "better-sqlite3": "^13.0.1"
      }
    },
    "node_modules/better-sqlite3": {
      "version": "13.0.1",
      "resolved": "https://registry.npmjs.org/better-sqlite3/-/better-sqlite3-13.0.1.tgz",
      "integrity": "sha512-LYpmOXdkpQYf4wmlxkdzW01XGlOXNIbjLg45yNkh0FQ4814VbK9PdOFmhZpYbej+EZtR/i3FDdhEG98HqZdgnA==",
      "hasInstallScript": true,
      "license": "MIT",
      "dependencies": {
        "node-addon-api": "^8.0.0"
      },
      "engines": {
        "node": ">=22"
      }
    },
    "node_modules/node-addon-api": {
      "version": "8.9.0",
      "resolved": "https://registry.npmjs.org/node-addon-api/-/node-addon-api-8.9.0.tgz",
      "integrity": "sha512-ekZMeaaIzSQTSpr7X2X3iJM7lTzgnx8ahAG9pJfT/7+14mlEM8ZYQ9cgCDvSSRbReFK0oHli3WrZdCiRsgAT9Q==",
      "license": "MIT",
      "engines": {
        "node": "^18 || ^20 || >= 21"
      }
    }
  }
}
